// !$*UTF8*$!
{
	archiveVersion = 1;
	classes = {
	};
	objectVersion = 56;
	objects = {

/* Begin PBXBuildFile section */
		808C12C42BFAC4DE00452B9B /* landmark_trading_cardsApp.swift in Sources */ = {isa = PBXBuildFile; fileRef = 808C12C32BFAC4DE00452B9B /* landmark_trading_cardsApp.swift */; };
		808C12C62BFAC4DE00452B9B /* MainView.swift in Sources */ = {isa = PBXBuildFile; fileRef = 808C12C52BFAC4DE00452B9B /* MainView.swift */; };
		808C12C82BFAC4DF00452B9B /* Assets.xcassets in Resources */ = {isa = PBXBuildFile; fileRef = 808C12C72BFAC4DF00452B9B /* Assets.xcassets */; };
		808C12CB2BFAC4DF00452B9B /* Preview Assets.xcassets in Resources */ = {isa = PBXBuildFile; fileRef = 808C12CA2BFAC4DF00452B9B /* Preview Assets.xcassets */; };
		808C12D52BFAC4DF00452B9B /* landmark_trading_cardsTests.swift in Sources */ = {isa = PBXBuildFile; fileRef = 808C12D42BFAC4DF00452B9B /* landmark_trading_cardsTests.swift */; };
		808C12DF2BFAC4DF00452B9B /* landmark_trading_cardsUITests.swift in Sources */ = {isa = PBXBuildFile; fileRef = 808C12DE2BFAC4DF00452B9B /* landmark_trading_cardsUITests.swift */; };
		808C12E12BFAC4DF00452B9B /* landmark_trading_cardsUITestsLaunchTests.swift in Sources */ = {isa = PBXBuildFile; fileRef = 808C12E02BFAC4DF00452B9B /* landmark_trading_cardsUITestsLaunchTests.swift */; };
		80A47DD02BFAE56C001FFFEE /* FirebaseAuth in Frameworks */ = {isa = PBXBuildFile; productRef = 80A47DCF2BFAE56C001FFFEE /* FirebaseAuth */; };
		80A47DD22BFAE56C001FFFEE /* FirebaseFirestore in Frameworks */ = {isa = PBXBuildFile; productRef = 80A47DD12BFAE56C001FFFEE /* FirebaseFirestore */; };
		80A47DD42BFAE56D001FFFEE /* FirebaseFirestoreSwift in Frameworks */ = {isa = PBXBuildFile; productRef = 80A47DD32BFAE56D001FFFEE /* FirebaseFirestoreSwift */; };
		80A47DD62BFAE595001FFFEE /* GoogleService-Info.plist in Resources */ = {isa = PBXBuildFile; fileRef = 80A47DD52BFAE595001FFFEE /* GoogleService-Info.plist */; };
		80A47DDC2BFAED7E001FFFEE /* ProfileView.swift in Sources */ = {isa = PBXBuildFile; fileRef = 80A47DDB2BFAED7E001FFFEE /* ProfileView.swift */; };
		80A47DDE2BFAEEBB001FFFEE /* ProfileViewViewModel.swift in Sources */ = {isa = PBXBuildFile; fileRef = 80A47DDD2BFAEEBB001FFFEE /* ProfileViewViewModel.swift */; };
		80A47DE22BFAF136001FFFEE /* LoginViewViewModel.swift in Sources */ = {isa = PBXBuildFile; fileRef = 80A47DE12BFAF136001FFFEE /* LoginViewViewModel.swift */; };
		80A47DE42BFAF1B9001FFFEE /* LoginView.swift in Sources */ = {isa = PBXBuildFile; fileRef = 80A47DE32BFAF1B9001FFFEE /* LoginView.swift */; };
		80F009522BFCF4AD00A3E12F /* TradingCardView.swift in Sources */ = {isa = PBXBuildFile; fileRef = 80F009512BFCF4AD00A3E12F /* TradingCardView.swift */; };
		80F009562BFD0E6300A3E12F /* landmarkedData.json in Resources */ = {isa = PBXBuildFile; fileRef = 80F009552BFD0E6300A3E12F /* landmarkedData.json */; };
		80F009582BFD121300A3E12F /* ModelData.swift in Sources */ = {isa = PBXBuildFile; fileRef = 80F009572BFD121300A3E12F /* ModelData.swift */; };
		80F0095A2BFD127500A3E12F /* Landmark.swift in Sources */ = {isa = PBXBuildFile; fileRef = 80F009592BFD127500A3E12F /* Landmark.swift */; };
		80FF5A132C58472C0004E583 /* ExpandedLandmarkView.swift in Sources */ = {isa = PBXBuildFile; fileRef = 80FF5A122C58472C0004E583 /* ExpandedLandmarkView.swift */; };
/* End PBXBuildFile section */

/* Begin PBXContainerItemProxy section */
		808C12D12BFAC4DF00452B9B /* PBXContainerItemProxy */ = {
			isa = PBXContainerItemProxy;
			containerPortal = 808C12B82BFAC4DE00452B9B /* Project object */;
			proxyType = 1;
			remoteGlobalIDString = 808C12BF2BFAC4DE00452B9B;
			remoteInfo = "landmark-trading-cards";
		};
		808C12DB2BFAC4DF00452B9B /* PBXContainerItemProxy */ = {
			isa = PBXContainerItemProxy;
			containerPortal = 808C12B82BFAC4DE00452B9B /* Project object */;
			proxyType = 1;
			remoteGlobalIDString = 808C12BF2BFAC4DE00452B9B;
			remoteInfo = "landmark-trading-cards";
		};
/* End PBXContainerItemProxy section */

/* Begin PBXFileReference section */
		808C12C02BFAC4DE00452B9B /* landmark-trading-cards.app */ = {isa = PBXFileReference; explicitFileType = wrapper.application; includeInIndex = 0; path = "landmark-trading-cards.app"; sourceTree = BUILT_PRODUCTS_DIR; };
		808C12C32BFAC4DE00452B9B /* landmark_trading_cardsApp.swift */ = {isa = PBXFileReference; lastKnownFileType = sourcecode.swift; path = landmark_trading_cardsApp.swift; sourceTree = "<group>"; };
		808C12C52BFAC4DE00452B9B /* MainView.swift */ = {isa = PBXFileReference; lastKnownFileType = sourcecode.swift; path = MainView.swift; sourceTree = "<group>"; };
		808C12C72BFAC4DF00452B9B /* Assets.xcassets */ = {isa = PBXFileReference; lastKnownFileType = folder.assetcatalog; path = Assets.xcassets; sourceTree = "<group>"; };
		808C12CA2BFAC4DF00452B9B /* Preview Assets.xcassets */ = {isa = PBXFileReference; lastKnownFileType = folder.assetcatalog; path = "Preview Assets.xcassets"; sourceTree = "<group>"; };
		808C12D02BFAC4DF00452B9B /* landmark-trading-cardsTests.xctest */ = {isa = PBXFileReference; explicitFileType = wrapper.cfbundle; includeInIndex = 0; path = "landmark-trading-cardsTests.xctest"; sourceTree = BUILT_PRODUCTS_DIR; };
		808C12D42BFAC4DF00452B9B /* landmark_trading_cardsTests.swift */ = {isa = PBXFileReference; lastKnownFileType = sourcecode.swift; path = landmark_trading_cardsTests.swift; sourceTree = "<group>"; };
		808C12DA2BFAC4DF00452B9B /* landmark-trading-cardsUITests.xctest */ = {isa = PBXFileReference; explicitFileType = wrapper.cfbundle; includeInIndex = 0; path = "landmark-trading-cardsUITests.xctest"; sourceTree = BUILT_PRODUCTS_DIR; };
		808C12DE2BFAC4DF00452B9B /* landmark_trading_cardsUITests.swift */ = {isa = PBXFileReference; lastKnownFileType = sourcecode.swift; path = landmark_trading_cardsUITests.swift; sourceTree = "<group>"; };
		808C12E02BFAC4DF00452B9B /* landmark_trading_cardsUITestsLaunchTests.swift */ = {isa = PBXFileReference; lastKnownFileType = sourcecode.swift; path = landmark_trading_cardsUITestsLaunchTests.swift; sourceTree = "<group>"; };
		80A47DD52BFAE595001FFFEE /* GoogleService-Info.plist */ = {isa = PBXFileReference; fileEncoding = 4; lastKnownFileType = text.plist.xml; path = "GoogleService-Info.plist"; sourceTree = "<group>"; };
		80A47DDB2BFAED7E001FFFEE /* ProfileView.swift */ = {isa = PBXFileReference; lastKnownFileType = sourcecode.swift; path = ProfileView.swift; sourceTree = "<group>"; };
		80A47DDD2BFAEEBB001FFFEE /* ProfileViewViewModel.swift */ = {isa = PBXFileReference; lastKnownFileType = sourcecode.swift; path = ProfileViewViewModel.swift; sourceTree = "<group>"; };
		80A47DE12BFAF136001FFFEE /* LoginViewViewModel.swift */ = {isa = PBXFileReference; lastKnownFileType = sourcecode.swift; path = LoginViewViewModel.swift; sourceTree = "<group>"; };
		80A47DE32BFAF1B9001FFFEE /* LoginView.swift */ = {isa = PBXFileReference; lastKnownFileType = sourcecode.swift; path = LoginView.swift; sourceTree = "<group>"; };
		80F009512BFCF4AD00A3E12F /* TradingCardView.swift */ = {isa = PBXFileReference; lastKnownFileType = sourcecode.swift; path = TradingCardView.swift; sourceTree = "<group>"; };
		80F009552BFD0E6300A3E12F /* landmarkedData.json */ = {isa = PBXFileReference; fileEncoding = 4; lastKnownFileType = text.json; path = landmarkedData.json; sourceTree = "<group>"; };
		80F009572BFD121300A3E12F /* ModelData.swift */ = {isa = PBXFileReference; lastKnownFileType = sourcecode.swift; path = ModelData.swift; sourceTree = "<group>"; };
		80F009592BFD127500A3E12F /* Landmark.swift */ = {isa = PBXFileReference; lastKnownFileType = sourcecode.swift; path = Landmark.swift; sourceTree = "<group>"; };
		80FF5A122C58472C0004E583 /* ExpandedLandmarkView.swift */ = {isa = PBXFileReference; lastKnownFileType = sourcecode.swift; path = ExpandedLandmarkView.swift; sourceTree = "<group>"; };
/* End PBXFileReference section */

/* Begin PBXFrameworksBuildPhase section */
		808C12BD2BFAC4DE00452B9B /* Frameworks */ = {
			isa = PBXFrameworksBuildPhase;
			buildActionMask = 2147483647;
			files = (
				80A47DD02BFAE56C001FFFEE /* FirebaseAuth in Frameworks */,
				80A47DD22BFAE56C001FFFEE /* FirebaseFirestore in Frameworks */,
				80A47DD42BFAE56D001FFFEE /* FirebaseFirestoreSwift in Frameworks */,
			);
			runOnlyForDeploymentPostprocessing = 0;
		};
		808C12CD2BFAC4DF00452B9B /* Frameworks */ = {
			isa = PBXFrameworksBuildPhase;
			buildActionMask = 2147483647;
			files = (
			);
			runOnlyForDeploymentPostprocessing = 0;
		};
		808C12D72BFAC4DF00452B9B /* Frameworks */ = {
			isa = PBXFrameworksBuildPhase;
			buildActionMask = 2147483647;
			files = (
			);
			runOnlyForDeploymentPostprocessing = 0;
		};
/* End PBXFrameworksBuildPhase section */

/* Begin PBXGroup section */
		808C12B72BFAC4DE00452B9B = {
			isa = PBXGroup;
			children = (
				808C12C22BFAC4DE00452B9B /* landmark-trading-cards */,
				808C12D32BFAC4DF00452B9B /* landmark-trading-cardsTests */,
				808C12DD2BFAC4DF00452B9B /* landmark-trading-cardsUITests */,
				808C12C12BFAC4DE00452B9B /* Products */,
			);
			sourceTree = "<group>";
		};
		808C12C12BFAC4DE00452B9B /* Products */ = {
			isa = PBXGroup;
			children = (
				808C12C02BFAC4DE00452B9B /* landmark-trading-cards.app */,
				808C12D02BFAC4DF00452B9B /* landmark-trading-cardsTests.xctest */,
				808C12DA2BFAC4DF00452B9B /* landmark-trading-cardsUITests.xctest */,
			);
			name = Products;
			sourceTree = "<group>";
		};
		808C12C22BFAC4DE00452B9B /* landmark-trading-cards */ = {
			isa = PBXGroup;
			children = (
				80A47DDA2BFAEACC001FFFEE /* Other */,
				80A47DD92BFAEABD001FFFEE /* Models */,
				80A47DD82BFAEAA1001FFFEE /* ViewModels */,
				80A47DD72BFAEA99001FFFEE /* Views */,
				80F0095B2BFD12FC00A3E12F /* Resources */,
				808C12C92BFAC4DF00452B9B /* Preview Content */,
			);
			path = "landmark-trading-cards";
			sourceTree = "<group>";
		};
		808C12C92BFAC4DF00452B9B /* Preview Content */ = {
			isa = PBXGroup;
			children = (
				808C12CA2BFAC4DF00452B9B /* Preview Assets.xcassets */,
			);
			path = "Preview Content";
			sourceTree = "<group>";
		};
		808C12D32BFAC4DF00452B9B /* landmark-trading-cardsTests */ = {
			isa = PBXGroup;
			children = (
				808C12D42BFAC4DF00452B9B /* landmark_trading_cardsTests.swift */,
			);
			path = "landmark-trading-cardsTests";
			sourceTree = "<group>";
		};
		808C12DD2BFAC4DF00452B9B /* landmark-trading-cardsUITests */ = {
			isa = PBXGroup;
			children = (
				808C12DE2BFAC4DF00452B9B /* landmark_trading_cardsUITests.swift */,
				808C12E02BFAC4DF00452B9B /* landmark_trading_cardsUITestsLaunchTests.swift */,
			);
			path = "landmark-trading-cardsUITests";
			sourceTree = "<group>";
		};
		80A47DD72BFAEA99001FFFEE /* Views */ = {
			isa = PBXGroup;
			children = (
				808C12C52BFAC4DE00452B9B /* MainView.swift */,
				80A47DDB2BFAED7E001FFFEE /* ProfileView.swift */,
				80A47DE32BFAF1B9001FFFEE /* LoginView.swift */,
				80F009512BFCF4AD00A3E12F /* TradingCardView.swift */,
				80FF5A122C58472C0004E583 /* ExpandedLandmarkView.swift */,
			);
			path = Views;
			sourceTree = "<group>";
		};
		80A47DD82BFAEAA1001FFFEE /* ViewModels */ = {
			isa = PBXGroup;
			children = (
				80A47DDD2BFAEEBB001FFFEE /* ProfileViewViewModel.swift */,
				80A47DE12BFAF136001FFFEE /* LoginViewViewModel.swift */,
			);
			path = ViewModels;
			sourceTree = "<group>";
		};
		80A47DD92BFAEABD001FFFEE /* Models */ = {
			isa = PBXGroup;
			children = (
				80F009572BFD121300A3E12F /* ModelData.swift */,
				80F009592BFD127500A3E12F /* Landmark.swift */,
			);
			path = Models;
			sourceTree = "<group>";
		};
		80A47DDA2BFAEACC001FFFEE /* Other */ = {
			isa = PBXGroup;
			children = (
				808C12C72BFAC4DF00452B9B /* Assets.xcassets */,
				80A47DD52BFAE595001FFFEE /* GoogleService-Info.plist */,
				808C12C32BFAC4DE00452B9B /* landmark_trading_cardsApp.swift */,
			);
			path = Other;
			sourceTree = "<group>";
		};
		80F0095B2BFD12FC00A3E12F /* Resources */ = {
			isa = PBXGroup;
			children = (
				80F009552BFD0E6300A3E12F /* landmarkedData.json */,
			);
			path = Resources;
			sourceTree = "<group>";
		};
/* End PBXGroup section */

/* Begin PBXNativeTarget section */
		808C12BF2BFAC4DE00452B9B /* landmark-trading-cards */ = {
			isa = PBXNativeTarget;
			buildConfigurationList = 808C12E42BFAC4DF00452B9B /* Build configuration list for PBXNativeTarget "landmark-trading-cards" */;
			buildPhases = (
				808C12BC2BFAC4DE00452B9B /* Sources */,
				808C12BD2BFAC4DE00452B9B /* Frameworks */,
				808C12BE2BFAC4DE00452B9B /* Resources */,
			);
			buildRules = (
			);
			dependencies = (
			);
			name = "landmark-trading-cards";
			packageProductDependencies = (
				80A47DCF2BFAE56C001FFFEE /* FirebaseAuth */,
				80A47DD12BFAE56C001FFFEE /* FirebaseFirestore */,
				80A47DD32BFAE56D001FFFEE /* FirebaseFirestoreSwift */,
			);
			productName = "landmark-trading-cards";
			productReference = 808C12C02BFAC4DE00452B9B /* landmark-trading-cards.app */;
			productType = "com.apple.product-type.application";
		};
		808C12CF2BFAC4DF00452B9B /* landmark-trading-cardsTests */ = {
			isa = PBXNativeTarget;
			buildConfigurationList = 808C12E72BFAC4DF00452B9B /* Build configuration list for PBXNativeTarget "landmark-trading-cardsTests" */;
			buildPhases = (
				808C12CC2BFAC4DF00452B9B /* Sources */,
				808C12CD2BFAC4DF00452B9B /* Frameworks */,
				808C12CE2BFAC4DF00452B9B /* Resources */,
			);
			buildRules = (
			);
			dependencies = (
				808C12D22BFAC4DF00452B9B /* PBXTargetDependency */,
			);
			name = "landmark-trading-cardsTests";
			productName = "landmark-trading-cardsTests";
			productReference = 808C12D02BFAC4DF00452B9B /* landmark-trading-cardsTests.xctest */;
			productType = "com.apple.product-type.bundle.unit-test";
		};
		808C12D92BFAC4DF00452B9B /* landmark-trading-cardsUITests */ = {
			isa = PBXNativeTarget;
			buildConfigurationList = 808C12EA2BFAC4DF00452B9B /* Build configuration list for PBXNativeTarget "landmark-trading-cardsUITests" */;
			buildPhases = (
				808C12D62BFAC4DF00452B9B /* Sources */,
				808C12D72BFAC4DF00452B9B /* Frameworks */,
				808C12D82BFAC4DF00452B9B /* Resources */,
			);
			buildRules = (
			);
			dependencies = (
				808C12DC2BFAC4DF00452B9B /* PBXTargetDependency */,
			);
			name = "landmark-trading-cardsUITests";
			productName = "landmark-trading-cardsUITests";
			productReference = 808C12DA2BFAC4DF00452B9B /* landmark-trading-cardsUITests.xctest */;
			productType = "com.apple.product-type.bundle.ui-testing";
		};
/* End PBXNativeTarget section */

/* Begin PBXProject section */
		808C12B82BFAC4DE00452B9B /* Project object */ = {
			isa = PBXProject;
			attributes = {
				BuildIndependentTargetsInParallel = 1;
				LastSwiftUpdateCheck = 1540;
				LastUpgradeCheck = 1540;
				TargetAttributes = {
					808C12BF2BFAC4DE00452B9B = {
						CreatedOnToolsVersion = 15.4;
					};
					808C12CF2BFAC4DF00452B9B = {
						CreatedOnToolsVersion = 15.4;
						TestTargetID = 808C12BF2BFAC4DE00452B9B;
					};
					808C12D92BFAC4DF00452B9B = {
						CreatedOnToolsVersion = 15.4;
						TestTargetID = 808C12BF2BFAC4DE00452B9B;
					};
				};
			};
			buildConfigurationList = 808C12BB2BFAC4DE00452B9B /* Build configuration list for PBXProject "landmark-trading-cards" */;
			compatibilityVersion = "Xcode 14.0";
			developmentRegion = en;
			hasScannedForEncodings = 0;
			knownRegions = (
				en,
				Base,
			);
			mainGroup = 808C12B72BFAC4DE00452B9B;
			packageReferences = (
				80A47DCE2BFAE501001FFFEE /* XCRemoteSwiftPackageReference "firebase-ios-sdk" */,
			);
			productRefGroup = 808C12C12BFAC4DE00452B9B /* Products */;
			projectDirPath = "";
			projectRoot = "";
			targets = (
				808C12BF2BFAC4DE00452B9B /* landmark-trading-cards */,
				808C12CF2BFAC4DF00452B9B /* landmark-trading-cardsTests */,
				808C12D92BFAC4DF00452B9B /* landmark-trading-cardsUITests */,
			);
		};
/* End PBXProject section */

/* Begin PBXResourcesBuildPhase section */
		808C12BE2BFAC4DE00452B9B /* Resources */ = {
			isa = PBXResourcesBuildPhase;
			buildActionMask = 2147483647;
			files = (
				80F009562BFD0E6300A3E12F /* landmarkedData.json in Resources */,
				808C12CB2BFAC4DF00452B9B /* Preview Assets.xcassets in Resources */,
				808C12C82BFAC4DF00452B9B /* Assets.xcassets in Resources */,
				80A47DD62BFAE595001FFFEE /* GoogleService-Info.plist in Resources */,
			);
			runOnlyForDeploymentPostprocessing = 0;
		};
		808C12CE2BFAC4DF00452B9B /* Resources */ = {
			isa = PBXResourcesBuildPhase;
			buildActionMask = 2147483647;
			files = (
			);
			runOnlyForDeploymentPostprocessing = 0;
		};
		808C12D82BFAC4DF00452B9B /* Resources */ = {
			isa = PBXResourcesBuildPhase;
			buildActionMask = 2147483647;
			files = (
			);
			runOnlyForDeploymentPostprocessing = 0;
		};
/* End PBXResourcesBuildPhase section */

/* Begin PBXSourcesBuildPhase section */
		808C12BC2BFAC4DE00452B9B /* Sources */ = {
			isa = PBXSourcesBuildPhase;
			buildActionMask = 2147483647;
			files = (
				80F009522BFCF4AD00A3E12F /* TradingCardView.swift in Sources */,
				80A47DE42BFAF1B9001FFFEE /* LoginView.swift in Sources */,
				808C12C62BFAC4DE00452B9B /* MainView.swift in Sources */,
				80A47DE22BFAF136001FFFEE /* LoginViewViewModel.swift in Sources */,
				80A47DDE2BFAEEBB001FFFEE /* ProfileViewViewModel.swift in Sources */,
				80F0095A2BFD127500A3E12F /* Landmark.swift in Sources */,
				80F009582BFD121300A3E12F /* ModelData.swift in Sources */,
				80A47DDC2BFAED7E001FFFEE /* ProfileView.swift in Sources */,
				808C12C42BFAC4DE00452B9B /* landmark_trading_cardsApp.swift in Sources */,
				80FF5A132C58472C0004E583 /* ExpandedLandmarkView.swift in Sources */,
			);
			runOnlyForDeploymentPostprocessing = 0;
		};
		808C12CC2BFAC4DF00452B9B /* Sources */ = {
			isa = PBXSourcesBuildPhase;
			buildActionMask = 2147483647;
			files = (
				808C12D52BFAC4DF00452B9B /* landmark_trading_cardsTests.swift in Sources */,
			);
			runOnlyForDeploymentPostprocessing = 0;
		};
		808C12D62BFAC4DF00452B9B /* Sources */ = {
			isa = PBXSourcesBuildPhase;
			buildActionMask = 2147483647;
			files = (
				808C12E12BFAC4DF00452B9B /* landmark_trading_cardsUITestsLaunchTests.swift in Sources */,
				808C12DF2BFAC4DF00452B9B /* landmark_trading_cardsUITests.swift in Sources */,
			);
			runOnlyForDeploymentPostprocessing = 0;
		};
/* End PBXSourcesBuildPhase section */

/* Begin PBXTargetDependency section */
		808C12D22BFAC4DF00452B9B /* PBXTargetDependency */ = {
			isa = PBXTargetDependency;
			target = 808C12BF2BFAC4DE00452B9B /* landmark-trading-cards */;
			targetProxy = 808C12D12BFAC4DF00452B9B /* PBXContainerItemProxy */;
		};
		808C12DC2BFAC4DF00452B9B /* PBXTargetDependency */ = {
			isa = PBXTargetDependency;
			target = 808C12BF2BFAC4DE00452B9B /* landmark-trading-cards */;
			targetProxy = 808C12DB2BFAC4DF00452B9B /* PBXContainerItemProxy */;
		};
/* End PBXTargetDependency section */

/* Begin XCBuildConfiguration section */
		808C12E22BFAC4DF00452B9B /* Debug */ = {
			isa = XCBuildConfiguration;
			buildSettings = {
				ALWAYS_SEARCH_USER_PATHS = NO;
				ASSETCATALOG_COMPILER_GENERATE_SWIFT_ASSET_SYMBOL_EXTENSIONS = YES;
				CLANG_ANALYZER_NONNULL = YES;
				CLANG_ANALYZER_NUMBER_OBJECT_CONVERSION = YES_AGGRESSIVE;
				CLANG_CXX_LANGUAGE_STANDARD = "gnu++20";
				CLANG_ENABLE_MODULES = YES;
				CLANG_ENABLE_OBJC_ARC = YES;
				CLANG_ENABLE_OBJC_WEAK = YES;
				CLANG_WARN_BLOCK_CAPTURE_AUTORELEASING = YES;
				CLANG_WARN_BOOL_CONVERSION = YES;
				CLANG_WARN_COMMA = YES;
				CLANG_WARN_CONSTANT_CONVERSION = YES;
				CLANG_WARN_DEPRECATED_OBJC_IMPLEMENTATIONS = YES;
				CLANG_WARN_DIRECT_OBJC_ISA_USAGE = YES_ERROR;
				CLANG_WARN_DOCUMENTATION_COMMENTS = YES;
				CLANG_WARN_EMPTY_BODY = YES;
				CLANG_WARN_ENUM_CONVERSION = YES;
				CLANG_WARN_INFINITE_RECURSION = YES;
				CLANG_WARN_INT_CONVERSION = YES;
				CLANG_WARN_NON_LITERAL_NULL_CONVERSION = YES;
				CLANG_WARN_OBJC_IMPLICIT_RETAIN_SELF = YES;
				CLANG_WARN_OBJC_LITERAL_CONVERSION = YES;
				CLANG_WARN_OBJC_ROOT_CLASS = YES_ERROR;
				CLANG_WARN_QUOTED_INCLUDE_IN_FRAMEWORK_HEADER = YES;
				CLANG_WARN_RANGE_LOOP_ANALYSIS = YES;
				CLANG_WARN_STRICT_PROTOTYPES = YES;
				CLANG_WARN_SUSPICIOUS_MOVE = YES;
				CLANG_WARN_UNGUARDED_AVAILABILITY = YES_AGGRESSIVE;
				CLANG_WARN_UNREACHABLE_CODE = YES;
				CLANG_WARN__DUPLICATE_METHOD_MATCH = YES;
				COPY_PHASE_STRIP = NO;
				DEBUG_INFORMATION_FORMAT = dwarf;
				ENABLE_STRICT_OBJC_MSGSEND = YES;
				ENABLE_TESTABILITY = YES;
				ENABLE_USER_SCRIPT_SANDBOXING = YES;
				GCC_C_LANGUAGE_STANDARD = gnu17;
				GCC_DYNAMIC_NO_PIC = NO;
				GCC_NO_COMMON_BLOCKS = YES;
				GCC_OPTIMIZATION_LEVEL = 0;
				GCC_PREPROCESSOR_DEFINITIONS = (
					"DEBUG=1",
					"$(inherited)",
				);
				GCC_WARN_64_TO_32_BIT_CONVERSION = YES;
				GCC_WARN_ABOUT_RETURN_TYPE = YES_ERROR;
				GCC_WARN_UNDECLARED_SELECTOR = YES;
				GCC_WARN_UNINITIALIZED_AUTOS = YES_AGGRESSIVE;
				GCC_WARN_UNUSED_FUNCTION = YES;
				GCC_WARN_UNUSED_VARIABLE = YES;
				IPHONEOS_DEPLOYMENT_TARGET = 17.5;
				LOCALIZATION_PREFERS_STRING_CATALOGS = YES;
				MTL_ENABLE_DEBUG_INFO = INCLUDE_SOURCE;
				MTL_FAST_MATH = YES;
				ONLY_ACTIVE_ARCH = YES;
				SDKROOT = iphoneos;
				SWIFT_ACTIVE_COMPILATION_CONDITIONS = "DEBUG $(inherited)";
				SWIFT_OPTIMIZATION_LEVEL = "-Onone";
			};
			name = Debug;
		};
		808C12E32BFAC4DF00452B9B /* Release */ = {
			isa = XCBuildConfiguration;
			buildSettings = {
				ALWAYS_SEARCH_USER_PATHS = NO;
				ASSETCATALOG_COMPILER_GENERATE_SWIFT_ASSET_SYMBOL_EXTENSIONS = YES;
				CLANG_ANALYZER_NONNULL = YES;
				CLANG_ANALYZER_NUMBER_OBJECT_CONVERSION = YES_AGGRESSIVE;
				CLANG_CXX_LANGUAGE_STANDARD = "gnu++20";
				CLANG_ENABLE_MODULES = YES;
				CLANG_ENABLE_OBJC_ARC = YES;
				CLANG_ENABLE_OBJC_WEAK = YES;
				CLANG_WARN_BLOCK_CAPTURE_AUTORELEASING = YES;
				CLANG_WARN_BOOL_CONVERSION = YES;
				CLANG_WARN_COMMA = YES;
				CLANG_WARN_CONSTANT_CONVERSION = YES;
				CLANG_WARN_DEPRECATED_OBJC_IMPLEMENTATIONS = YES;
				CLANG_WARN_DIRECT_OBJC_ISA_USAGE = YES_ERROR;
				CLANG_WARN_DOCUMENTATION_COMMENTS = YES;
				CLANG_WARN_EMPTY_BODY = YES;
				CLANG_WARN_ENUM_CONVERSION = YES;
				CLANG_WARN_INFINITE_RECURSION = YES;
				CLANG_WARN_INT_CONVERSION = YES;
				CLANG_WARN_NON_LITERAL_NULL_CONVERSION = YES;
				CLANG_WARN_OBJC_IMPLICIT_RETAIN_SELF = YES;
				CLANG_WARN_OBJC_LITERAL_CONVERSION = YES;
				CLANG_WARN_OBJC_ROOT_CLASS = YES_ERROR;
				CLANG_WARN_QUOTED_INCLUDE_IN_FRAMEWORK_HEADER = YES;
				CLANG_WARN_RANGE_LOOP_ANALYSIS = YES;
				CLANG_WARN_STRICT_PROTOTYPES = YES;
				CLANG_WARN_SUSPICIOUS_MOVE = YES;
				CLANG_WARN_UNGUARDED_AVAILABILITY = YES_AGGRESSIVE;
				CLANG_WARN_UNREACHABLE_CODE = YES;
				CLANG_WARN__DUPLICATE_METHOD_MATCH = YES;
				COPY_PHASE_STRIP = NO;
				DEBUG_INFORMATION_FORMAT = "dwarf-with-dsym";
				ENABLE_NS_ASSERTIONS = NO;
				ENABLE_STRICT_OBJC_MSGSEND = YES;
				ENABLE_USER_SCRIPT_SANDBOXING = YES;
				GCC_C_LANGUAGE_STANDARD = gnu17;
				GCC_NO_COMMON_BLOCKS = YES;
				GCC_WARN_64_TO_32_BIT_CONVERSION = YES;
				GCC_WARN_ABOUT_RETURN_TYPE = YES_ERROR;
				GCC_WARN_UNDECLARED_SELECTOR = YES;
				GCC_WARN_UNINITIALIZED_AUTOS = YES_AGGRESSIVE;
				GCC_WARN_UNUSED_FUNCTION = YES;
				GCC_WARN_UNUSED_VARIABLE = YES;
				IPHONEOS_DEPLOYMENT_TARGET = 17.5;
				LOCALIZATION_PREFERS_STRING_CATALOGS = YES;
				MTL_ENABLE_DEBUG_INFO = NO;
				MTL_FAST_MATH = YES;
				SDKROOT = iphoneos;
				SWIFT_COMPILATION_MODE = wholemodule;
				VALIDATE_PRODUCT = YES;
			};
			name = Release;
		};
		808C12E52BFAC4DF00452B9B /* Debug */ = {
			isa = XCBuildConfiguration;
			buildSettings = {
				ASSETCATALOG_COMPILER_APPICON_NAME = AppIcon;
				ASSETCATALOG_COMPILER_GLOBAL_ACCENT_COLOR_NAME = AccentColor;
				CODE_SIGN_STYLE = Automatic;
				CURRENT_PROJECT_VERSION = 1;
				DEVELOPMENT_ASSET_PATHS = "\"landmark-trading-cards/Preview Content\"";
				ENABLE_PREVIEWS = YES;
				GENERATE_INFOPLIST_FILE = YES;
				INFOPLIST_KEY_UIApplicationSceneManifest_Generation = YES;
				INFOPLIST_KEY_UIApplicationSupportsIndirectInputEvents = YES;
				INFOPLIST_KEY_UILaunchScreen_Generation = YES;
				INFOPLIST_KEY_UISupportedInterfaceOrientations = UIInterfaceOrientationPortrait;
				INFOPLIST_KEY_UISupportedInterfaceOrientations_iPad = "UIInterfaceOrientationLandscapeLeft UIInterfaceOrientationLandscapeRight UIInterfaceOrientationPortrait UIInterfaceOrientationPortraitUpsideDown";
				LD_RUNPATH_SEARCH_PATHS = (
					"$(inherited)",
					"@executable_path/Frameworks",
				);
				MARKETING_VERSION = 1.0;
				PRODUCT_BUNDLE_IDENTIFIER = "com.landmark-trading-cards";
				PRODUCT_NAME = "$(TARGET_NAME)";
				SWIFT_EMIT_LOC_STRINGS = YES;
				SWIFT_VERSION = 5.0;
				TARGETED_DEVICE_FAMILY = "1,2";
			};
			name = Debug;
		};
		808C12E62BFAC4DF00452B9B /* Release */ = {
			isa = XCBuildConfiguration;
			buildSettings = {
				ASSETCATALOG_COMPILER_APPICON_NAME = AppIcon;
				ASSETCATALOG_COMPILER_GLOBAL_ACCENT_COLOR_NAME = AccentColor;
				CODE_SIGN_STYLE = Automatic;
				CURRENT_PROJECT_VERSION = 1;
				DEVELOPMENT_ASSET_PATHS = "\"landmark-trading-cards/Preview Content\"";
				ENABLE_PREVIEWS = YES;
				GENERATE_INFOPLIST_FILE = YES;
				INFOPLIST_KEY_UIApplicationSceneManifest_Generation = YES;
				INFOPLIST_KEY_UIApplicationSupportsIndirectInputEvents = YES;
				INFOPLIST_KEY_UILaunchScreen_Generation = YES;
				INFOPLIST_KEY_UISupportedInterfaceOrientations = UIInterfaceOrientationPortrait;
				INFOPLIST_KEY_UISupportedInterfaceOrientations_iPad = "UIInterfaceOrientationLandscapeLeft UIInterfaceOrientationLandscapeRight UIInterfaceOrientationPortrait UIInterfaceOrientationPortraitUpsideDown";
				LD_RUNPATH_SEARCH_PATHS = (
					"$(inherited)",
					"@executable_path/Frameworks",
				);
				MARKETING_VERSION = 1.0;
				PRODUCT_BUNDLE_IDENTIFIER = "com.landmark-trading-cards";
				PRODUCT_NAME = "$(TARGET_NAME)";
				SWIFT_EMIT_LOC_STRINGS = YES;
				SWIFT_VERSION = 5.0;
				TARGETED_DEVICE_FAMILY = "1,2";
			};
			name = Release;
		};
		808C12E82BFAC4DF00452B9B /* Debug */ = {
			isa = XCBuildConfiguration;
			buildSettings = {
				ALWAYS_EMBED_SWIFT_STANDARD_LIBRARIES = YES;
				BUNDLE_LOADER = "$(TEST_HOST)";
				CODE_SIGN_STYLE = Automatic;
				CURRENT_PROJECT_VERSION = 1;
				GENERATE_INFOPLIST_FILE = YES;
				IPHONEOS_DEPLOYMENT_TARGET = 17.5;
				MARKETING_VERSION = 1.0;
				PRODUCT_BUNDLE_IDENTIFIER = "com.landmark-trading-cardsTests";
				PRODUCT_NAME = "$(TARGET_NAME)";
				SWIFT_EMIT_LOC_STRINGS = NO;
				SWIFT_VERSION = 5.0;
				TARGETED_DEVICE_FAMILY = "1,2";
				TEST_HOST = "$(BUILT_PRODUCTS_DIR)/landmark-trading-cards.app/$(BUNDLE_EXECUTABLE_FOLDER_PATH)/landmark-trading-cards";
			};
			name = Debug;
		};
		808C12E92BFAC4DF00452B9B /* Release */ = {
			isa = XCBuildConfiguration;
			buildSettings = {
				ALWAYS_EMBED_SWIFT_STANDARD_LIBRARIES = YES;
				BUNDLE_LOADER = "$(TEST_HOST)";
				CODE_SIGN_STYLE = Automatic;
				CURRENT_PROJECT_VERSION = 1;
				GENERATE_INFOPLIST_FILE = YES;
				IPHONEOS_DEPLOYMENT_TARGET = 17.5;
				MARKETING_VERSION = 1.0;
				PRODUCT_BUNDLE_IDENTIFIER = "com.landmark-trading-cardsTests";
				PRODUCT_NAME = "$(TARGET_NAME)";
				SWIFT_EMIT_LOC_STRINGS = NO;
				SWIFT_VERSION = 5.0;
				TARGETED_DEVICE_FAMILY = "1,2";
				TEST_HOST = "$(BUILT_PRODUCTS_DIR)/landmark-trading-cards.app/$(BUNDLE_EXECUTABLE_FOLDER_PATH)/landmark-trading-cards";
			};
			name = Release;
		};
		808C12EB2BFAC4DF00452B9B /* Debug */ = {
			isa = XCBuildConfiguration;
			buildSettings = {
				ALWAYS_EMBED_SWIFT_STANDARD_LIBRARIES = YES;
				CODE_SIGN_STYLE = Automatic;
				CURRENT_PROJECT_VERSION = 1;
				GENERATE_INFOPLIST_FILE = YES;
				MARKETING_VERSION = 1.0;
				PRODUCT_BUNDLE_IDENTIFIER = "com.landmark-trading-cardsUITests";
				PRODUCT_NAME = "$(TARGET_NAME)";
				SWIFT_EMIT_LOC_STRINGS = NO;
				SWIFT_VERSION = 5.0;
				TARGETED_DEVICE_FAMILY = "1,2";
				TEST_TARGET_NAME = "landmark-trading-cards";
			};
			name = Debug;
		};
		808C12EC2BFAC4DF00452B9B /* Release */ = {
			isa = XCBuildConfiguration;
			buildSettings = {
				ALWAYS_EMBED_SWIFT_STANDARD_LIBRARIES = YES;
				CODE_SIGN_STYLE = Automatic;
				CURRENT_PROJECT_VERSION = 1;
				GENERATE_INFOPLIST_FILE = YES;
				MARKETING_VERSION = 1.0;
				PRODUCT_BUNDLE_IDENTIFIER = "com.landmark-trading-cardsUITests";
				PRODUCT_NAME = "$(TARGET_NAME)";
				SWIFT_EMIT_LOC_STRINGS = NO;
				SWIFT_VERSION = 5.0;
				TARGETED_DEVICE_FAMILY = "1,2";
				TEST_TARGET_NAME = "landmark-trading-cards";
			};
			name = Release;
		};
/* End XCBuildConfiguration section */

/* Begin XCConfigurationList section */
		808C12BB2BFAC4DE00452B9B /* Build configuration list for PBXProject "landmark-trading-cards" */ = {
			isa = XCConfigurationList;
			buildConfigurations = (
				808C12E22BFAC4DF00452B9B /* Debug */,
				808C12E32BFAC4DF00452B9B /* Release */,
			);
			defaultConfigurationIsVisible = 0;
			defaultConfigurationName = Release;
		};
		808C12E42BFAC4DF00452B9B /* Build configuration list for PBXNativeTarget "landmark-trading-cards" */ = {
			isa = XCConfigurationList;
			buildConfigurations = (
				808C12E52BFAC4DF00452B9B /* Debug */,
				808C12E62BFAC4DF00452B9B /* Release */,
			);
			defaultConfigurationIsVisible = 0;
			defaultConfigurationName = Release;
		};
		808C12E72BFAC4DF00452B9B /* Build configuration list for PBXNativeTarget "landmark-trading-cardsTests" */ = {
			isa = XCConfigurationList;
			buildConfigurations = (
				808C12E82BFAC4DF00452B9B /* Debug */,
				808C12E92BFAC4DF00452B9B /* Release */,
			);
			defaultConfigurationIsVisible = 0;
			defaultConfigurationName = Release;
		};
		808C12EA2BFAC4DF00452B9B /* Build configuration list for PBXNativeTarget "landmark-trading-cardsUITests" */ = {
			isa = XCConfigurationList;
			buildConfigurations = (
				808C12EB2BFAC4DF00452B9B /* Debug */,
				808C12EC2BFAC4DF00452B9B /* Release */,
			);
			defaultConfigurationIsVisible = 0;
			defaultConfigurationName = Release;
		};
/* End XCConfigurationList section */

/* Begin XCRemoteSwiftPackageReference section */
		80A47DCE2BFAE501001FFFEE /* XCRemoteSwiftPackageReference "firebase-ios-sdk" */ = {
			isa = XCRemoteSwiftPackageReference;
			repositoryURL = "https://github.com/firebase/firebase-ios-sdk";
			requirement = {
				kind = upToNextMajorVersion;
				minimumVersion = 10.26.0;
			};
		};
/* End XCRemoteSwiftPackageReference section */

/* Begin XCSwiftPackageProductDependency section */
		80A47DCF2BFAE56C001FFFEE /* FirebaseAuth */ = {
			isa = XCSwiftPackageProductDependency;
			package = 80A47DCE2BFAE501001FFFEE /* XCRemoteSwiftPackageReference "firebase-ios-sdk" */;
			productName = FirebaseAuth;
		};
		80A47DD12BFAE56C001FFFEE /* FirebaseFirestore */ = {
			isa = XCSwiftPackageProductDependency;
			package = 80A47DCE2BFAE501001FFFEE /* XCRemoteSwiftPackageReference "firebase-ios-sdk" */;
			productName = FirebaseFirestore;
		};
		80A47DD32BFAE56D001FFFEE /* FirebaseFirestoreSwift */ = {
			isa = XCSwiftPackageProductDependency;
			package = 80A47DCE2BFAE501001FFFEE /* XCRemoteSwiftPackageReference "firebase-ios-sdk" */;
			productName = FirebaseFirestoreSwift;
		};
/* End XCSwiftPackageProductDependency section */
	};
	rootObject = 808C12B82BFAC4DE00452B9B /* Project object */;
}
